
Microsoft Visual Studio Solution File, Format Version 12.00
# Visual Studio Version 17
VisualStudioVersion = 17.4.33205.214
MinimumVisualStudioVersion = 10.0.40219.1
Project("{FAE04EC0-301F-11D3-BF4B-00C04F79EFBC}") = "Animanager.UI", "Animanager.UI.csproj", "{53F0B400-EB13-40C7-897B-251A04CF38CD}"
EndProject
Project("{FAE04EC0-301F-11D3-BF4B-00C04F79EFBC}") = "Animanager.Models", "..\Animanager.Models\Animanager.Models.csproj", "{D1118EDE-E4EF-44F4-9FA8-9CD4A5CF772F}"
EndProject
Global
	GlobalSection(SolutionConfigurationPlatforms) = preSolution
		Debug|Any CPU = Debug|Any CPU
		Release|Any CPU = Release|Any CPU
	EndGlobalSection
	GlobalSection(ProjectConfigurationPlatforms) = postSolution
		{53F0B400-EB13-40C7-897B-251A04CF38CD}.Debug|Any CPU.ActiveCfg = Debug|Any CPU
		{53F0B400-EB13-40C7-897B-251A04CF38CD}.Debug|Any CPU.Build.0 = Debug|Any CPU
		{53F0B400-EB13-40C7-897B-251A04CF38CD}.Release|Any CPU.ActiveCfg = Release|Any CPU
		{53F0B400-EB13-40C7-897B-251A04CF38CD}.Release|Any CPU.Build.0 = Release|Any CPU
		{D1118EDE-E4EF-44F4-9FA8-9CD4A5CF772F}.Debug|Any CPU.ActiveCfg = Debug|Any CPU
		{D1118EDE-E4EF-44F4-9FA8-9CD4A5CF772F}.Debug|Any CPU.Build.0 = Debug|Any CPU
		{D1118EDE-E4EF-44F4-9FA8-9CD4A5CF772F}.Release|Any CPU.ActiveCfg = Release|Any CPU
		{D1118EDE-E4EF-44F4-9FA8-9CD4A5CF772F}.Release|Any CPU.Build.0 = Release|Any CPU
	EndGlobalSection
	GlobalSection(SolutionProperties) = preSolution
		HideSolutionNode = FALSE
	EndGlobalSection
	GlobalSection(ExtensibilityGlobals) = postSolution
		SolutionGuid = {FEA2C736-CB43-400A-8A1E-D66122FC0194}
	EndGlobalSection
EndGlobal
